
Microsoft Visual Studio Solution File, Format Version 12.00
# Visual Studio 15
VisualStudioVersion = 15.0.27130.2027
MinimumVisualStudioVersion = 10.0.40219.1
Project("{8BC9CEB8-8B4A-11D0-8D11-00A0C91BC942}") = "Task A", "Task A\Task A.vcxproj", "{7B04E4A5-01BA-455D-9CD2-AD51F9BEA0D8}"
EndProject
Project("{8BC9CEB8-8B4A-11D0-8D11-00A0C91BC942}") = "Task B", "Task B\Task B.vcxproj", "{27A4320E-47A8-4789-AE1D-2BF64610FF22}"
EndProject
Project("{8BC9CEB8-8B4A-11D0-8D11-00A0C91BC942}") = "Task C", "Task C\Task C.vcxproj", "{9F5FBB97-D7A4-4078-8EA2-C757C162B263}"
EndProject
Global
	GlobalSection(SolutionConfigurationPlatforms) = preSolution
		Debug|x64 = Debug|x64
		Debug|x86 = Debug|x86
		Release|x64 = Release|x64
		Release|x86 = Release|x86
	EndGlobalSection
	GlobalSection(ProjectConfigurationPlatforms) = postSolution
		{7B04E4A5-01BA-455D-9CD2-AD51F9BEA0D8}.Debug|x64.ActiveCfg = Debug|x64
		{7B04E4A5-01BA-455D-9CD2-AD51F9BEA0D8}.Debug|x64.Build.0 = Debug|x64
		{7B04E4A5-01BA-455D-9CD2-AD51F9BEA0D8}.Debug|x86.ActiveCfg = Debug|Win32
		{7B04E4A5-01BA-455D-9CD2-AD51F9BEA0D8}.Debug|x86.Build.0 = Debug|Win32
		{7B04E4A5-01BA-455D-9CD2-AD51F9BEA0D8}.Release|x64.ActiveCfg = Release|x64
		{7B04E4A5-01BA-455D-9CD2-AD51F9BEA0D8}.Release|x64.Build.0 = Release|x64
		{7B04E4A5-01BA-455D-9CD2-AD51F9BEA0D8}.Release|x86.ActiveCfg = Release|Win32
		{7B04E4A5-01BA-455D-9CD2-AD51F9BEA0D8}.Release|x86.Build.0 = Release|Win32
		{27A4320E-47A8-4789-AE1D-2BF64610FF22}.Debug|x64.ActiveCfg = Debug|x64
		{27A4320E-47A8-4789-AE1D-2BF64610FF22}.Debug|x64.Build.0 = Debug|x64
		{27A4320E-47A8-4789-AE1D-2BF64610FF22}.Debug|x86.ActiveCfg = Debug|Win32
		{27A4320E-47A8-4789-AE1D-2BF64610FF22}.Debug|x86.Build.0 = Debug|Win32
		{27A4320E-47A8-4789-AE1D-2BF64610FF22}.Release|x64.ActiveCfg = Release|x64
		{27A4320E-47A8-4789-AE1D-2BF64610FF22}.Release|x64.Build.0 = Release|x64
		{27A4320E-47A8-4789-AE1D-2BF64610FF22}.Release|x86.ActiveCfg = Release|Win32
		{27A4320E-47A8-4789-AE1D-2BF64610FF22}.Release|x86.Build.0 = Release|Win32
		{9F5FBB97-D7A4-4078-8EA2-C757C162B263}.Debug|x64.ActiveCfg = Debug|x64
		{9F5FBB97-D7A4-4078-8EA2-C757C162B263}.Debug|x64.Build.0 = Debug|x64
		{9F5FBB97-D7A4-4078-8EA2-C757C162B263}.Debug|x86.ActiveCfg = Debug|Win32
		{9F5FBB97-D7A4-4078-8EA2-C757C162B263}.Debug|x86.Build.0 = Debug|Win32
		{9F5FBB97-D7A4-4078-8EA2-C757C162B263}.Release|x64.ActiveCfg = Release|x64
		{9F5FBB97-D7A4-4078-8EA2-C757C162B263}.Release|x64.Build.0 = Release|x64
		{9F5FBB97-D7A4-4078-8EA2-C757C162B263}.Release|x86.ActiveCfg = Release|Win32
		{9F5FBB97-D7A4-4078-8EA2-C757C162B263}.Release|x86.Build.0 = Release|Win32
	EndGlobalSection
	GlobalSection(SolutionProperties) = preSolution
		HideSolutionNode = FALSE
	EndGlobalSection
	GlobalSection(ExtensibilityGlobals) = postSolution
		SolutionGuid = {D2C860F0-B583-4601-A855-40C9D7038872}
	EndGlobalSection
EndGlobal
