
Microsoft Visual Studio Solution File, Format Version 12.00
# Visual Studio 15
VisualStudioVersion = 15.0.27130.2027
MinimumVisualStudioVersion = 10.0.40219.1
Project("{FAE04EC0-301F-11D3-BF4B-00C04F79EFBC}") = "Lab1", "Lab1\Lab1.csproj", "{C09A5441-B2DE-4BB4-88A5-0C554C6249EB}"
EndProject
Project("{FAE04EC0-301F-11D3-BF4B-00C04F79EFBC}") = "Lab1B", "Lab1B\Lab1B.csproj", "{9663910E-56A2-46A2-B1B2-560706ADAB22}"
EndProject
Global
	GlobalSection(SolutionConfigurationPlatforms) = preSolution
		Debug|Any CPU = Debug|Any CPU
		Release|Any CPU = Release|Any CPU
	EndGlobalSection
	GlobalSection(ProjectConfigurationPlatforms) = postSolution
		{C09A5441-B2DE-4BB4-88A5-0C554C6249EB}.Debug|Any CPU.ActiveCfg = Debug|Any CPU
		{C09A5441-B2DE-4BB4-88A5-0C554C6249EB}.Debug|Any CPU.Build.0 = Debug|Any CPU
		{C09A5441-B2DE-4BB4-88A5-0C554C6249EB}.Release|Any CPU.ActiveCfg = Release|Any CPU
		{C09A5441-B2DE-4BB4-88A5-0C554C6249EB}.Release|Any CPU.Build.0 = Release|Any CPU
		{9663910E-56A2-46A2-B1B2-560706ADAB22}.Debug|Any CPU.ActiveCfg = Debug|Any CPU
		{9663910E-56A2-46A2-B1B2-560706ADAB22}.Debug|Any CPU.Build.0 = Debug|Any CPU
		{9663910E-56A2-46A2-B1B2-560706ADAB22}.Release|Any CPU.ActiveCfg = Release|Any CPU
		{9663910E-56A2-46A2-B1B2-560706ADAB22}.Release|Any CPU.Build.0 = Release|Any CPU
	EndGlobalSection
	GlobalSection(SolutionProperties) = preSolution
		HideSolutionNode = FALSE
	EndGlobalSection
	GlobalSection(ExtensibilityGlobals) = postSolution
		SolutionGuid = {4F49A2D4-B646-4252-94E3-432B9DA7121F}
	EndGlobalSection
EndGlobal
