
Microsoft Visual Studio Solution File, Format Version 12.00
# Visual Studio 15
VisualStudioVersion = 15.0.26730.16
MinimumVisualStudioVersion = 10.0.40219.1
Project("{8BC9CEB8-8B4A-11D0-8D11-00A0C91BC942}") = "Lab2", "Lab2\Lab2.vcxproj", "{BD3FEF04-9F59-452D-B8B9-EF97F2275431}"
EndProject
Global
	GlobalSection(SolutionConfigurationPlatforms) = preSolution
		Debug|x64 = Debug|x64
		Debug|x86 = Debug|x86
		Release|x64 = Release|x64
		Release|x86 = Release|x86
	EndGlobalSection
	GlobalSection(ProjectConfigurationPlatforms) = postSolution
		{BD3FEF04-9F59-452D-B8B9-EF97F2275431}.Debug|x64.ActiveCfg = Debug|x64
		{BD3FEF04-9F59-452D-B8B9-EF97F2275431}.Debug|x64.Build.0 = Debug|x64
		{BD3FEF04-9F59-452D-B8B9-EF97F2275431}.Debug|x86.ActiveCfg = Debug|Win32
		{BD3FEF04-9F59-452D-B8B9-EF97F2275431}.Debug|x86.Build.0 = Debug|Win32
		{BD3FEF04-9F59-452D-B8B9-EF97F2275431}.Release|x64.ActiveCfg = Release|x64
		{BD3FEF04-9F59-452D-B8B9-EF97F2275431}.Release|x64.Build.0 = Release|x64
		{BD3FEF04-9F59-452D-B8B9-EF97F2275431}.Release|x86.ActiveCfg = Release|Win32
		{BD3FEF04-9F59-452D-B8B9-EF97F2275431}.Release|x86.Build.0 = Release|Win32
	EndGlobalSection
	GlobalSection(SolutionProperties) = preSolution
		HideSolutionNode = FALSE
	EndGlobalSection
	GlobalSection(ExtensibilityGlobals) = postSolution
		SolutionGuid = {2C0588B6-791F-4EB0-BAD7-322F76B88956}
	EndGlobalSection
EndGlobal
